
Microsoft Visual Studio Solution File, Format Version 12.00
# Visual Studio Version 16
VisualStudioVersion = 16.0.29613.14
MinimumVisualStudioVersion = 10.0.40219.1
Project("{FAE04EC0-301F-11D3-BF4B-00C04F79EFBC}") = "Vidly", "Vidly\Vidly.csproj", "{2B66A046-882F-48D9-8443-CFB80B37A7F6}"
EndProject
Global
	GlobalSection(SolutionConfigurationPlatforms) = preSolution
		Debug|Any CPU = Debug|Any CPU
		Release|Any CPU = Release|Any CPU
	EndGlobalSection
	GlobalSection(ProjectConfigurationPlatforms) = postSolution
		{2B66A046-882F-48D9-8443-CFB80B37A7F6}.Debug|Any CPU.ActiveCfg = Debug|Any CPU
		{2B66A046-882F-48D9-8443-CFB80B37A7F6}.Debug|Any CPU.Build.0 = Debug|Any CPU
		{2B66A046-882F-48D9-8443-CFB80B37A7F6}.Release|Any CPU.ActiveCfg = Release|Any CPU
		{2B66A046-882F-48D9-8443-CFB80B37A7F6}.Release|Any CPU.Build.0 = Release|Any CPU
	EndGlobalSection
	GlobalSection(SolutionProperties) = preSolution
		HideSolutionNode = FALSE
	EndGlobalSection
	GlobalSection(ExtensibilityGlobals) = postSolution
		SolutionGuid = {22B6F6A8-1A7A-449C-9234-5B150345AAB6}
	EndGlobalSection
EndGlobal
